{
  "nodes": {
    "flakeNimbleLib": {
      "inputs": {
        "nixpkgs": [
          "nixpkgs"
        ]
      },
      "locked": {
        "lastModified": 1662018438,
        "narHash": "sha256-QtNtU6+LX3Wokxf0zlFwKTFOcn6TeDjKQZ+DA9OYtvM=",
        "owner": "riinr",
        "repo": "nim-flakes-lib",
        "rev": "b1fe8340736e3a85d25c709ac3dfd82a55c03cbf",
        "type": "github"
      },
      "original": {
        "owner": "riinr",
        "ref": "master",
        "repo": "nim-flakes-lib",
        "type": "github"
      }
    },
    "nixpkgs": {
      "locked": {
        "lastModified": 1667199707,
        "narHash": "sha256-I2Js3Y7gUyVSEXPULHlBoRek4Lh85vnevdS6mdvDNLI=",
        "owner": "NixOS",
        "repo": "nixpkgs",
        "rev": "ced197be72099edcfa68ebed8b87af7b04851f45",
        "type": "github"
      },
      "original": {
        "id": "nixpkgs",
        "type": "indirect"
      }
    },
    "root": {
      "inputs": {
        "flakeNimbleLib": "flakeNimbleLib",
        "nixpkgs": "nixpkgs",
        "tim_sort-master": "tim_sort-master"
      }
    },
    "src-tim_sort-master": {
      "flake": false,
      "locked": {
        "lastModified": 1591399472,
        "narHash": "sha256-IN3asWaLvPxNnpKI21J1T4KinjY0lXcYcFvPSNOlYAo=",
        "owner": "bung87",
        "repo": "tim_sort",
        "rev": "b0e410f05ea1f600049c15fe67741e0b97a94cf7",
        "type": "github"
      },
      "original": {
        "owner": "bung87",
        "ref": "refs/heads/master",
        "repo": "tim_sort",
        "type": "github"
      }
    },
    "tim_sort-master": {
      "inputs": {
        "flakeNimbleLib": [
          "flakeNimbleLib"
        ],
        "nixpkgs": [
          "nixpkgs"
        ],
        "src-tim_sort-master": "src-tim_sort-master"
      },
      "locked": {
        "dir": "master",
        "lastModified": 1667322739,
        "narHash": "sha256-PUbyeO/4SfbB0O6+5/20Hyo98iN5kNJxQgXzL045CZM=",
        "owner": "nim-nix-pkgs",
        "repo": "tim_sort",
        "rev": "4e9ede51fa288c63dd376c928aeaeffb79d1ef60",
        "type": "github"
      },
      "original": {
        "dir": "master",
        "owner": "nim-nix-pkgs",
        "ref": "master",
        "repo": "tim_sort",
        "type": "github"
      }
    }
  },
  "root": "root",
  "version": 7
}
